--- 
dependencies: 
  sinatra: 
    group: 
    - :default
    version: ">= 1.0.0"
  nokogiri: 
    group: 
    - :default
    version: ">= 1.4.1"
specs: 
- nokogiri: 
    version: 1.4.1
- rack: 
    version: 1.1.0
- sinatra: 
    version: "1.0"
hash: bdae0ba287d2efca15f77d3e0b91cfd37ac3c5d9
sources: []

